<?xml version="1.0" encoding="utf-8"?>
<Project ToolsVersion="4.0" xmlns="http://schemas.microsoft.com/developer/msbuild/2003">
  <ItemGroup>
    <Filter Include="Resource Files">
      <UniqueIdentifier>{67DA6AB6-F800-4c08-8B7A-83BB121AAD01}</UniqueIdentifier>
      <Extensions>rc;ico;cur;bmp;dlg;rc2;rct;bin;rgs;gif;jpg;jpeg;jpe;resx;tiff;tif;png;wav;mfcribbon-ms</Extensions>
    </Filter>
    <Filter Include="States">
      <UniqueIdentifier>{9b8f90bf-078a-4c06-81fa-527abd0a09e7}</UniqueIdentifier>
    </Filter>
    <Filter Include="Terrain">
      <UniqueIdentifier>{23b4dbe1-720e-4bc8-8164-16f04b4e9dfc}</UniqueIdentifier>
    </Filter>
  </ItemGroup>
  <ItemGroup>
    <ClInclude Include="stdafx.h" />
    <ClInclude Include="Editor.h" />
    <ClInclude Include="LevelEditorState.h">
      <Filter>States</Filter>
    </ClInclude>
    <ClInclude Include="Terrain.h">
      <Filter>Terrain</Filter>
    </ClInclude>
  </ItemGroup>
  <ItemGroup>
    <ClCompile Include="stdafx.cpp" />
    <ClCompile Include="Editor.cpp" />
    <ClCompile Include="LevelEditorState.cpp">
      <Filter>States</Filter>
    </ClCompile>
    <ClCompile Include="Terrain.cpp">
      <Filter>Terrain</Filter>
    </ClCompile>
  </ItemGroup>
</Project>